// !$*UTF8*$!
{
	archiveVersion = 1;
	classes = {
	};
	objectVersion = 46;
	objects = {

/* Begin PBXBuildFile section */
		D40D676A1890118100940F80 /* Foundation.framework in Frameworks */ = {isa = PBXBuildFile; fileRef = D40D67691890118100940F80 /* Foundation.framework */; };
		D40D676C1890118100940F80 /* CoreGraphics.framework in Frameworks */ = {isa = PBXBuildFile; fileRef = D40D676B1890118100940F80 /* CoreGraphics.framework */; };
		D40D676E1890118100940F80 /* UIKit.framework in Frameworks */ = {isa = PBXBuildFile; fileRef = D40D676D1890118100940F80 /* UIKit.framework */; };
		D40D67701890118100940F80 /* SpriteKit.framework in Frameworks */ = {isa = PBXBuildFile; fileRef = D40D676F1890118100940F80 /* SpriteKit.framework */; };
		D40D67761890118100940F80 /* InfoPlist.strings in Resources */ = {isa = PBXBuildFile; fileRef = D40D67741890118100940F80 /* InfoPlist.strings */; };
		D40D67781890118100940F80 /* main.m in Sources */ = {isa = PBXBuildFile; fileRef = D40D67771890118100940F80 /* main.m */; };
		D40D677C1890118100940F80 /* AppDelegate.m in Sources */ = {isa = PBXBuildFile; fileRef = D40D677B1890118100940F80 /* AppDelegate.m */; };
		D40D677F1890118100940F80 /* Main.storyboard in Resources */ = {isa = PBXBuildFile; fileRef = D40D677D1890118100940F80 /* Main.storyboard */; };
		D40D67821890118100940F80 /* ViewController.m in Sources */ = {isa = PBXBuildFile; fileRef = D40D67811890118100940F80 /* ViewController.m */; };
		D40D67851890118100940F80 /* MyScene.m in Sources */ = {isa = PBXBuildFile; fileRef = D40D67841890118100940F80 /* MyScene.m */; };
		D40D67871890118100940F80 /* Spaceship.png in Resources */ = {isa = PBXBuildFile; fileRef = D40D67861890118100940F80 /* Spaceship.png */; };
		D40D67891890118100940F80 /* Images.xcassets in Resources */ = {isa = PBXBuildFile; fileRef = D40D67881890118100940F80 /* Images.xcassets */; };
		D40D67901890118100940F80 /* XCTest.framework in Frameworks */ = {isa = PBXBuildFile; fileRef = D40D678F1890118100940F80 /* XCTest.framework */; };
		D40D67911890118100940F80 /* Foundation.framework in Frameworks */ = {isa = PBXBuildFile; fileRef = D40D67691890118100940F80 /* Foundation.framework */; };
		D40D67921890118100940F80 /* UIKit.framework in Frameworks */ = {isa = PBXBuildFile; fileRef = D40D676D1890118100940F80 /* UIKit.framework */; };
		D40D679A1890118100940F80 /* InfoPlist.strings in Resources */ = {isa = PBXBuildFile; fileRef = D40D67981890118100940F80 /* InfoPlist.strings */; };
		D40D679C1890118100940F80 /* ThreeSamePrototypeTests.m in Sources */ = {isa = PBXBuildFile; fileRef = D40D679B1890118100940F80 /* ThreeSamePrototypeTests.m */; };
		D40D6812189029E600940F80 /* 1.png in Resources */ = {isa = PBXBuildFile; fileRef = D40D6806189029E600940F80 /* 1.png */; };
		D40D6813189029E600940F80 /* 1@2x.png in Resources */ = {isa = PBXBuildFile; fileRef = D40D6807189029E600940F80 /* 1@2x.png */; };
		D40D6814189029E600940F80 /* 2.png in Resources */ = {isa = PBXBuildFile; fileRef = D40D6808189029E600940F80 /* 2.png */; };
		D40D6815189029E600940F80 /* 2@2x.png in Resources */ = {isa = PBXBuildFile; fileRef = D40D6809189029E600940F80 /* 2@2x.png */; };
		D40D6816189029E600940F80 /* 3.png in Resources */ = {isa = PBXBuildFile; fileRef = D40D680A189029E600940F80 /* 3.png */; };
		D40D6817189029E600940F80 /* 3@2x.png in Resources */ = {isa = PBXBuildFile; fileRef = D40D680B189029E600940F80 /* 3@2x.png */; };
		D40D6818189029E600940F80 /* 4.png in Resources */ = {isa = PBXBuildFile; fileRef = D40D680C189029E600940F80 /* 4.png */; };
		D40D6819189029E600940F80 /* 4@2x.png in Resources */ = {isa = PBXBuildFile; fileRef = D40D680D189029E600940F80 /* 4@2x.png */; };
		D40D681A189029E600940F80 /* 5.png in Resources */ = {isa = PBXBuildFile; fileRef = D40D680E189029E600940F80 /* 5.png */; };
		D40D681B189029E600940F80 /* 5@2x.png in Resources */ = {isa = PBXBuildFile; fileRef = D40D680F189029E600940F80 /* 5@2x.png */; };
		D40D681C189029E600940F80 /* 6.png in Resources */ = {isa = PBXBuildFile; fileRef = D40D6810189029E600940F80 /* 6.png */; };
		D40D681D189029E600940F80 /* 6@2x.png in Resources */ = {isa = PBXBuildFile; fileRef = D40D6811189029E600940F80 /* 6@2x.png */; };
/* End PBXBuildFile section */

/* Begin PBXContainerItemProxy section */
		D40D67931890118100940F80 /* PBXContainerItemProxy */ = {
			isa = PBXContainerItemProxy;
			containerPortal = D40D675E1890118100940F80 /* Project object */;
			proxyType = 1;
			remoteGlobalIDString = D40D67651890118100940F80;
			remoteInfo = ThreeSamePrototype;
		};
/* End PBXContainerItemProxy section */

/* Begin PBXFileReference section */
		D40D67661890118100940F80 /* ThreeSamePrototype.app */ = {isa = PBXFileReference; explicitFileType = wrapper.application; includeInIndex = 0; path = ThreeSamePrototype.app; sourceTree = BUILT_PRODUCTS_DIR; };
		D40D67691890118100940F80 /* Foundation.framework */ = {isa = PBXFileReference; lastKnownFileType = wrapper.framework; name = Foundation.framework; path = System/Library/Frameworks/Foundation.framework; sourceTree = SDKROOT; };
		D40D676B1890118100940F80 /* CoreGraphics.framework */ = {isa = PBXFileReference; lastKnownFileType = wrapper.framework; name = CoreGraphics.framework; path = System/Library/Frameworks/CoreGraphics.framework; sourceTree = SDKROOT; };
		D40D676D1890118100940F80 /* UIKit.framework */ = {isa = PBXFileReference; lastKnownFileType = wrapper.framework; name = UIKit.framework; path = System/Library/Frameworks/UIKit.framework; sourceTree = SDKROOT; };
		D40D676F1890118100940F80 /* SpriteKit.framework */ = {isa = PBXFileReference; lastKnownFileType = wrapper.framework; name = SpriteKit.framework; path = System/Library/Frameworks/SpriteKit.framework; sourceTree = SDKROOT; };
		D40D67731890118100940F80 /* ThreeSamePrototype-Info.plist */ = {isa = PBXFileReference; lastKnownFileType = text.plist.xml; path = "ThreeSamePrototype-Info.plist"; sourceTree = "<group>"; };
		D40D67751890118100940F80 /* en */ = {isa = PBXFileReference; lastKnownFileType = text.plist.strings; name = en; path = en.lproj/InfoPlist.strings; sourceTree = "<group>"; };
		D40D67771890118100940F80 /* main.m */ = {isa = PBXFileReference; lastKnownFileType = sourcecode.c.objc; path = main.m; sourceTree = "<group>"; };
		D40D67791890118100940F80 /* ThreeSamePrototype-Prefix.pch */ = {isa = PBXFileReference; lastKnownFileType = sourcecode.c.h; path = "ThreeSamePrototype-Prefix.pch"; sourceTree = "<group>"; };
		D40D677A1890118100940F80 /* AppDelegate.h */ = {isa = PBXFileReference; lastKnownFileType = sourcecode.c.h; path = AppDelegate.h; sourceTree = "<group>"; };
		D40D677B1890118100940F80 /* AppDelegate.m */ = {isa = PBXFileReference; lastKnownFileType = sourcecode.c.objc; path = AppDelegate.m; sourceTree = "<group>"; };
		D40D677E1890118100940F80 /* Base */ = {isa = PBXFileReference; lastKnownFileType = file.storyboard; name = Base; path = Base.lproj/Main.storyboard; sourceTree = "<group>"; };
		D40D67801890118100940F80 /* ViewController.h */ = {isa = PBXFileReference; lastKnownFileType = sourcecode.c.h; path = ViewController.h; sourceTree = "<group>"; };
		D40D67811890118100940F80 /* ViewController.m */ = {isa = PBXFileReference; lastKnownFileType = sourcecode.c.objc; path = ViewController.m; sourceTree = "<group>"; };
		D40D67831890118100940F80 /* MyScene.h */ = {isa = PBXFileReference; lastKnownFileType = sourcecode.c.h; path = MyScene.h; sourceTree = "<group>"; };
		D40D67841890118100940F80 /* MyScene.m */ = {isa = PBXFileReference; lastKnownFileType = sourcecode.c.objc; path = MyScene.m; sourceTree = "<group>"; };
		D40D67861890118100940F80 /* Spaceship.png */ = {isa = PBXFileReference; lastKnownFileType = image.png; path = Spaceship.png; sourceTree = "<group>"; };
		D40D67881890118100940F80 /* Images.xcassets */ = {isa = PBXFileReference; lastKnownFileType = folder.assetcatalog; path = Images.xcassets; sourceTree = "<group>"; };
		D40D678E1890118100940F80 /* ThreeSamePrototypeTests.xctest */ = {isa = PBXFileReference; explicitFileType = wrapper.cfbundle; includeInIndex = 0; path = ThreeSamePrototypeTests.xctest; sourceTree = BUILT_PRODUCTS_DIR; };
		D40D678F1890118100940F80 /* XCTest.framework */ = {isa = PBXFileReference; lastKnownFileType = wrapper.framework; name = XCTest.framework; path = Library/Frameworks/XCTest.framework; sourceTree = DEVELOPER_DIR; };
		D40D67971890118100940F80 /* ThreeSamePrototypeTests-Info.plist */ = {isa = PBXFileReference; lastKnownFileType = text.plist.xml; path = "ThreeSamePrototypeTests-Info.plist"; sourceTree = "<group>"; };
		D40D67991890118100940F80 /* en */ = {isa = PBXFileReference; lastKnownFileType = text.plist.strings; name = en; path = en.lproj/InfoPlist.strings; sourceTree = "<group>"; };
		D40D679B1890118100940F80 /* ThreeSamePrototypeTests.m */ = {isa = PBXFileReference; lastKnownFileType = sourcecode.c.objc; path = ThreeSamePrototypeTests.m; sourceTree = "<group>"; };
		D40D6806189029E600940F80 /* 1.png */ = {isa = PBXFileReference; lastKnownFileType = image.png; path = 1.png; sourceTree = "<group>"; };
		D40D6807189029E600940F80 /* 1@2x.png */ = {isa = PBXFileReference; lastKnownFileType = image.png; path = "1@2x.png"; sourceTree = "<group>"; };
		D40D6808189029E600940F80 /* 2.png */ = {isa = PBXFileReference; lastKnownFileType = image.png; path = 2.png; sourceTree = "<group>"; };
		D40D6809189029E600940F80 /* 2@2x.png */ = {isa = PBXFileReference; lastKnownFileType = image.png; path = "2@2x.png"; sourceTree = "<group>"; };
		D40D680A189029E600940F80 /* 3.png */ = {isa = PBXFileReference; lastKnownFileType = image.png; path = 3.png; sourceTree = "<group>"; };
		D40D680B189029E600940F80 /* 3@2x.png */ = {isa = PBXFileReference; lastKnownFileType = image.png; path = "3@2x.png"; sourceTree = "<group>"; };
		D40D680C189029E600940F80 /* 4.png */ = {isa = PBXFileReference; lastKnownFileType = image.png; path = 4.png; sourceTree = "<group>"; };
		D40D680D189029E600940F80 /* 4@2x.png */ = {isa = PBXFileReference; lastKnownFileType = image.png; path = "4@2x.png"; sourceTree = "<group>"; };
		D40D680E189029E600940F80 /* 5.png */ = {isa = PBXFileReference; lastKnownFileType = image.png; path = 5.png; sourceTree = "<group>"; };
		D40D680F189029E600940F80 /* 5@2x.png */ = {isa = PBXFileReference; lastKnownFileType = image.png; path = "5@2x.png"; sourceTree = "<group>"; };
		D40D6810189029E600940F80 /* 6.png */ = {isa = PBXFileReference; lastKnownFileType = image.png; path = 6.png; sourceTree = "<group>"; };
		D40D6811189029E600940F80 /* 6@2x.png */ = {isa = PBXFileReference; lastKnownFileType = image.png; path = "6@2x.png"; sourceTree = "<group>"; };
/* End PBXFileReference section */

/* Begin PBXFrameworksBuildPhase section */
		D40D67631890118100940F80 /* Frameworks */ = {
			isa = PBXFrameworksBuildPhase;
			buildActionMask = 2147483647;
			files = (
				D40D676C1890118100940F80 /* CoreGraphics.framework in Frameworks */,
				D40D676E1890118100940F80 /* UIKit.framework in Frameworks */,
				D40D67701890118100940F80 /* SpriteKit.framework in Frameworks */,
				D40D676A1890118100940F80 /* Foundation.framework in Frameworks */,
			);
			runOnlyForDeploymentPostprocessing = 0;
		};
		D40D678B1890118100940F80 /* Frameworks */ = {
			isa = PBXFrameworksBuildPhase;
			buildActionMask = 2147483647;
			files = (
				D40D67901890118100940F80 /* XCTest.framework in Frameworks */,
				D40D67921890118100940F80 /* UIKit.framework in Frameworks */,
				D40D67911890118100940F80 /* Foundation.framework in Frameworks */,
			);
			runOnlyForDeploymentPostprocessing = 0;
		};
/* End PBXFrameworksBuildPhase section */

/* Begin PBXGroup section */
		D40D675D1890118100940F80 = {
			isa = PBXGroup;
			children = (
				D40D67711890118100940F80 /* ThreeSamePrototype */,
				D40D67951890118100940F80 /* ThreeSamePrototypeTests */,
				D40D67681890118100940F80 /* Frameworks */,
				D40D67671890118100940F80 /* Products */,
			);
			sourceTree = "<group>";
		};
		D40D67671890118100940F80 /* Products */ = {
			isa = PBXGroup;
			children = (
				D40D67661890118100940F80 /* ThreeSamePrototype.app */,
				D40D678E1890118100940F80 /* ThreeSamePrototypeTests.xctest */,
			);
			name = Products;
			sourceTree = "<group>";
		};
		D40D67681890118100940F80 /* Frameworks */ = {
			isa = PBXGroup;
			children = (
				D40D67691890118100940F80 /* Foundation.framework */,
				D40D676B1890118100940F80 /* CoreGraphics.framework */,
				D40D676D1890118100940F80 /* UIKit.framework */,
				D40D676F1890118100940F80 /* SpriteKit.framework */,
				D40D678F1890118100940F80 /* XCTest.framework */,
			);
			name = Frameworks;
			sourceTree = "<group>";
		};
		D40D67711890118100940F80 /* ThreeSamePrototype */ = {
			isa = PBXGroup;
			children = (
				D40D6805189029C200940F80 /* Resources */,
				D40D677A1890118100940F80 /* AppDelegate.h */,
				D40D677B1890118100940F80 /* AppDelegate.m */,
				D40D677D1890118100940F80 /* Main.storyboard */,
				D40D67801890118100940F80 /* ViewController.h */,
				D40D67811890118100940F80 /* ViewController.m */,
				D40D67831890118100940F80 /* MyScene.h */,
				D40D67841890118100940F80 /* MyScene.m */,
				D40D67861890118100940F80 /* Spaceship.png */,
				D40D67881890118100940F80 /* Images.xcassets */,
				D40D67721890118100940F80 /* Supporting Files */,
			);
			path = ThreeSamePrototype;
			sourceTree = "<group>";
		};
		D40D67721890118100940F80 /* Supporting Files */ = {
			isa = PBXGroup;
			children = (
				D40D67731890118100940F80 /* ThreeSamePrototype-Info.plist */,
				D40D67741890118100940F80 /* InfoPlist.strings */,
				D40D67771890118100940F80 /* main.m */,
				D40D67791890118100940F80 /* ThreeSamePrototype-Prefix.pch */,
			);
			name = "Supporting Files";
			sourceTree = "<group>";
		};
		D40D67951890118100940F80 /* ThreeSamePrototypeTests */ = {
			isa = PBXGroup;
			children = (
				D40D679B1890118100940F80 /* ThreeSamePrototypeTests.m */,
				D40D67961890118100940F80 /* Supporting Files */,
			);
			path = ThreeSamePrototypeTests;
			sourceTree = "<group>";
		};
		D40D67961890118100940F80 /* Supporting Files */ = {
			isa = PBXGroup;
			children = (
				D40D67971890118100940F80 /* ThreeSamePrototypeTests-Info.plist */,
				D40D67981890118100940F80 /* InfoPlist.strings */,
			);
			name = "Supporting Files";
			sourceTree = "<group>";
		};
		D40D6805189029C200940F80 /* Resources */ = {
			isa = PBXGroup;
			children = (
				D40D6806189029E600940F80 /* 1.png */,
				D40D6807189029E600940F80 /* 1@2x.png */,
				D40D6808189029E600940F80 /* 2.png */,
				D40D6809189029E600940F80 /* 2@2x.png */,
				D40D680A189029E600940F80 /* 3.png */,
				D40D680B189029E600940F80 /* 3@2x.png */,
				D40D680C189029E600940F80 /* 4.png */,
				D40D680D189029E600940F80 /* 4@2x.png */,
				D40D680E189029E600940F80 /* 5.png */,
				D40D680F189029E600940F80 /* 5@2x.png */,
				D40D6810189029E600940F80 /* 6.png */,
				D40D6811189029E600940F80 /* 6@2x.png */,
			);
			name = Resources;
			sourceTree = "<group>";
		};
/* End PBXGroup section */

/* Begin PBXNativeTarget section */
		D40D67651890118100940F80 /* ThreeSamePrototype */ = {
			isa = PBXNativeTarget;
			buildConfigurationList = D40D679F1890118100940F80 /* Build configuration list for PBXNativeTarget "ThreeSamePrototype" */;
			buildPhases = (
				D40D67621890118100940F80 /* Sources */,
				D40D67631890118100940F80 /* Frameworks */,
				D40D67641890118100940F80 /* Resources */,
			);
			buildRules = (
			);
			dependencies = (
			);
			name = ThreeSamePrototype;
			productName = ThreeSamePrototype;
			productReference = D40D67661890118100940F80 /* ThreeSamePrototype.app */;
			productType = "com.apple.product-type.application";
		};
		D40D678D1890118100940F80 /* ThreeSamePrototypeTests */ = {
			isa = PBXNativeTarget;
			buildConfigurationList = D40D67A21890118100940F80 /* Build configuration list for PBXNativeTarget "ThreeSamePrototypeTests" */;
			buildPhases = (
				D40D678A1890118100940F80 /* Sources */,
				D40D678B1890118100940F80 /* Frameworks */,
				D40D678C1890118100940F80 /* Resources */,
			);
			buildRules = (
			);
			dependencies = (
				D40D67941890118100940F80 /* PBXTargetDependency */,
			);
			name = ThreeSamePrototypeTests;
			productName = ThreeSamePrototypeTests;
			productReference = D40D678E1890118100940F80 /* ThreeSamePrototypeTests.xctest */;
			productType = "com.apple.product-type.bundle.unit-test";
		};
/* End PBXNativeTarget section */

/* Begin PBXProject section */
		D40D675E1890118100940F80 /* Project object */ = {
			isa = PBXProject;
			attributes = {
				LastUpgradeCheck = 0500;
				ORGANIZATIONNAME = SpurGearSoft;
				TargetAttributes = {
					D40D678D1890118100940F80 = {
						TestTargetID = D40D67651890118100940F80;
					};
				};
			};
			buildConfigurationList = D40D67611890118100940F80 /* Build configuration list for PBXProject "ThreeSamePrototype" */;
			compatibilityVersion = "Xcode 3.2";
			developmentRegion = English;
			hasScannedForEncodings = 0;
			knownRegions = (
				en,
				Base,
			);
			mainGroup = D40D675D1890118100940F80;
			productRefGroup = D40D67671890118100940F80 /* Products */;
			projectDirPath = "";
			projectRoot = "";
			targets = (
				D40D67651890118100940F80 /* ThreeSamePrototype */,
				D40D678D1890118100940F80 /* ThreeSamePrototypeTests */,
			);
		};
/* End PBXProject section */

/* Begin PBXResourcesBuildPhase section */
		D40D67641890118100940F80 /* Resources */ = {
			isa = PBXResourcesBuildPhase;
			buildActionMask = 2147483647;
			files = (
				D40D6818189029E600940F80 /* 4.png in Resources */,
				D40D6813189029E600940F80 /* 1@2x.png in Resources */,
				D40D67761890118100940F80 /* InfoPlist.strings in Resources */,
				D40D6817189029E600940F80 /* 3@2x.png in Resources */,
				D40D681B189029E600940F80 /* 5@2x.png in Resources */,
				D40D6814189029E600940F80 /* 2.png in Resources */,
				D40D6816189029E600940F80 /* 3.png in Resources */,
				D40D67891890118100940F80 /* Images.xcassets in Resources */,
				D40D67871890118100940F80 /* Spaceship.png in Resources */,
				D40D681C189029E600940F80 /* 6.png in Resources */,
				D40D677F1890118100940F80 /* Main.storyboard in Resources */,
				D40D681D189029E600940F80 /* 6@2x.png in Resources */,
				D40D6819189029E600940F80 /* 4@2x.png in Resources */,
				D40D6812189029E600940F80 /* 1.png in Resources */,
				D40D681A189029E600940F80 /* 5.png in Resources */,
				D40D6815189029E600940F80 /* 2@2x.png in Resources */,
			);
			runOnlyForDeploymentPostprocessing = 0;
		};
		D40D678C1890118100940F80 /* Resources */ = {
			isa = PBXResourcesBuildPhase;
			buildActionMask = 2147483647;
			files = (
				D40D679A1890118100940F80 /* InfoPlist.strings in Resources */,
			);
			runOnlyForDeploymentPostprocessing = 0;
		};
/* End PBXResourcesBuildPhase section */

/* Begin PBXSourcesBuildPhase section */
		D40D67621890118100940F80 /* Sources */ = {
			isa = PBXSourcesBuildPhase;
			buildActionMask = 2147483647;
			files = (
				D40D67851890118100940F80 /* MyScene.m in Sources */,
				D40D67821890118100940F80 /* ViewController.m in Sources */,
				D40D677C1890118100940F80 /* AppDelegate.m in Sources */,
				D40D67781890118100940F80 /* main.m in Sources */,
			);
			runOnlyForDeploymentPostprocessing = 0;
		};
		D40D678A1890118100940F80 /* Sources */ = {
			isa = PBXSourcesBuildPhase;
			buildActionMask = 2147483647;
			files = (
				D40D679C1890118100940F80 /* ThreeSamePrototypeTests.m in Sources */,
			);
			runOnlyForDeploymentPostprocessing = 0;
		};
/* End PBXSourcesBuildPhase section */

/* Begin PBXTargetDependency section */
		D40D67941890118100940F80 /* PBXTargetDependency */ = {
			isa = PBXTargetDependency;
			target = D40D67651890118100940F80 /* ThreeSamePrototype */;
			targetProxy = D40D67931890118100940F80 /* PBXContainerItemProxy */;
		};
/* End PBXTargetDependency section */

/* Begin PBXVariantGroup section */
		D40D67741890118100940F80 /* InfoPlist.strings */ = {
			isa = PBXVariantGroup;
			children = (
				D40D67751890118100940F80 /* en */,
			);
			name = InfoPlist.strings;
			sourceTree = "<group>";
		};
		D40D677D1890118100940F80 /* Main.storyboard */ = {
			isa = PBXVariantGroup;
			children = (
				D40D677E1890118100940F80 /* Base */,
			);
			name = Main.storyboard;
			sourceTree = "<group>";
		};
		D40D67981890118100940F80 /* InfoPlist.strings */ = {
			isa = PBXVariantGroup;
			children = (
				D40D67991890118100940F80 /* en */,
			);
			name = InfoPlist.strings;
			sourceTree = "<group>";
		};
/* End PBXVariantGroup section */

/* Begin XCBuildConfiguration section */
		D40D679D1890118100940F80 /* Debug */ = {
			isa = XCBuildConfiguration;
			buildSettings = {
				ALWAYS_SEARCH_USER_PATHS = NO;
				ARCHS = "$(ARCHS_STANDARD_INCLUDING_64_BIT)";
				CLANG_CXX_LANGUAGE_STANDARD = "gnu++0x";
				CLANG_CXX_LIBRARY = "libc++";
				CLANG_ENABLE_MODULES = YES;
				CLANG_ENABLE_OBJC_ARC = YES;
				CLANG_WARN_BOOL_CONVERSION = YES;
				CLANG_WARN_CONSTANT_CONVERSION = YES;
				CLANG_WARN_DIRECT_OBJC_ISA_USAGE = YES_ERROR;
				CLANG_WARN_EMPTY_BODY = YES;
				CLANG_WARN_ENUM_CONVERSION = YES;
				CLANG_WARN_INT_CONVERSION = YES;
				CLANG_WARN_OBJC_ROOT_CLASS = YES_ERROR;
				CLANG_WARN__DUPLICATE_METHOD_MATCH = YES;
				"CODE_SIGN_IDENTITY[sdk=iphoneos*]" = "iPhone Developer";
				COPY_PHASE_STRIP = NO;
				GCC_C_LANGUAGE_STANDARD = gnu99;
				GCC_DYNAMIC_NO_PIC = NO;
				GCC_OPTIMIZATION_LEVEL = 0;
				GCC_PREPROCESSOR_DEFINITIONS = (
					"DEBUG=1",
					"$(inherited)",
				);
				GCC_SYMBOLS_PRIVATE_EXTERN = NO;
				GCC_WARN_64_TO_32_BIT_CONVERSION = YES;
				GCC_WARN_ABOUT_RETURN_TYPE = YES_ERROR;
				GCC_WARN_UNDECLARED_SELECTOR = YES;
				GCC_WARN_UNINITIALIZED_AUTOS = YES;
				GCC_WARN_UNUSED_FUNCTION = YES;
				GCC_WARN_UNUSED_VARIABLE = YES;
				IPHONEOS_DEPLOYMENT_TARGET = 7.0;
				ONLY_ACTIVE_ARCH = YES;
				SDKROOT = iphoneos;
			};
			name = Debug;
		};
		D40D679E1890118100940F80 /* Release */ = {
			isa = XCBuildConfiguration;
			buildSettings = {
				ALWAYS_SEARCH_USER_PATHS = NO;
				ARCHS = "$(ARCHS_STANDARD_INCLUDING_64_BIT)";
				CLANG_CXX_LANGUAGE_STANDARD = "gnu++0x";
				CLANG_CXX_LIBRARY = "libc++";
				CLANG_ENABLE_MODULES = YES;
				CLANG_ENABLE_OBJC_ARC = YES;
				CLANG_WARN_BOOL_CONVERSION = YES;
				CLANG_WARN_CONSTANT_CONVERSION = YES;
				CLANG_WARN_DIRECT_OBJC_ISA_USAGE = YES_ERROR;
				CLANG_WARN_EMPTY_BODY = YES;
				CLANG_WARN_ENUM_CONVERSION = YES;
				CLANG_WARN_INT_CONVERSION = YES;
				CLANG_WARN_OBJC_ROOT_CLASS = YES_ERROR;
				CLANG_WARN__DUPLICATE_METHOD_MATCH = YES;
				"CODE_SIGN_IDENTITY[sdk=iphoneos*]" = "iPhone Developer";
				COPY_PHASE_STRIP = YES;
				ENABLE_NS_ASSERTIONS = NO;
				GCC_C_LANGUAGE_STANDARD = gnu99;
				GCC_WARN_64_TO_32_BIT_CONVERSION = YES;
				GCC_WARN_ABOUT_RETURN_TYPE = YES_ERROR;
				GCC_WARN_UNDECLARED_SELECTOR = YES;
				GCC_WARN_UNINITIALIZED_AUTOS = YES;
				GCC_WARN_UNUSED_FUNCTION = YES;
				GCC_WARN_UNUSED_VARIABLE = YES;
				IPHONEOS_DEPLOYMENT_TARGET = 7.0;
				SDKROOT = iphoneos;
				VALIDATE_PRODUCT = YES;
			};
			name = Release;
		};
		D40D67A01890118100940F80 /* Debug */ = {
			isa = XCBuildConfiguration;
			buildSettings = {
				ASSETCATALOG_COMPILER_APPICON_NAME = AppIcon;
				ASSETCATALOG_COMPILER_LAUNCHIMAGE_NAME = LaunchImage;
				GCC_PRECOMPILE_PREFIX_HEADER = YES;
				GCC_PREFIX_HEADER = "ThreeSamePrototype/ThreeSamePrototype-Prefix.pch";
				INFOPLIST_FILE = "ThreeSamePrototype/ThreeSamePrototype-Info.plist";
				PRODUCT_NAME = "$(TARGET_NAME)";
				SPRITEKIT_TEXTURE_ATLAS_OUTPUT = YES;
				WRAPPER_EXTENSION = app;
			};
			name = Debug;
		};
		D40D67A11890118100940F80 /* Release */ = {
			isa = XCBuildConfiguration;
			buildSettings = {
				ASSETCATALOG_COMPILER_APPICON_NAME = AppIcon;
				ASSETCATALOG_COMPILER_LAUNCHIMAGE_NAME = LaunchImage;
				GCC_PRECOMPILE_PREFIX_HEADER = YES;
				GCC_PREFIX_HEADER = "ThreeSamePrototype/ThreeSamePrototype-Prefix.pch";
				INFOPLIST_FILE = "ThreeSamePrototype/ThreeSamePrototype-Info.plist";
				PRODUCT_NAME = "$(TARGET_NAME)";
				SPRITEKIT_TEXTURE_ATLAS_OUTPUT = YES;
				WRAPPER_EXTENSION = app;
			};
			name = Release;
		};
		D40D67A31890118100940F80 /* Debug */ = {
			isa = XCBuildConfiguration;
			buildSettings = {
				ARCHS = "$(ARCHS_STANDARD_INCLUDING_64_BIT)";
				BUNDLE_LOADER = "$(BUILT_PRODUCTS_DIR)/ThreeSamePrototype.app/ThreeSamePrototype";
				FRAMEWORK_SEARCH_PATHS = (
					"$(SDKROOT)/Developer/Library/Frameworks",
					"$(inherited)",
					"$(DEVELOPER_FRAMEWORKS_DIR)",
				);
				GCC_PRECOMPILE_PREFIX_HEADER = YES;
				GCC_PREFIX_HEADER = "ThreeSamePrototype/ThreeSamePrototype-Prefix.pch";
				GCC_PREPROCESSOR_DEFINITIONS = (
					"DEBUG=1",
					"$(inherited)",
				);
				INFOPLIST_FILE = "ThreeSamePrototypeTests/ThreeSamePrototypeTests-Info.plist";
				PRODUCT_NAME = "$(TARGET_NAME)";
				TEST_HOST = "$(BUNDLE_LOADER)";
				WRAPPER_EXTENSION = xctest;
			};
			name = Debug;
		};
		D40D67A41890118100940F80 /* Release */ = {
			isa = XCBuildConfiguration;
			buildSettings = {
				ARCHS = "$(ARCHS_STANDARD_INCLUDING_64_BIT)";
				BUNDLE_LOADER = "$(BUILT_PRODUCTS_DIR)/ThreeSamePrototype.app/ThreeSamePrototype";
				FRAMEWORK_SEARCH_PATHS = (
					"$(SDKROOT)/Developer/Library/Frameworks",
					"$(inherited)",
					"$(DEVELOPER_FRAMEWORKS_DIR)",
				);
				GCC_PRECOMPILE_PREFIX_HEADER = YES;
				GCC_PREFIX_HEADER = "ThreeSamePrototype/ThreeSamePrototype-Prefix.pch";
				INFOPLIST_FILE = "ThreeSamePrototypeTests/ThreeSamePrototypeTests-Info.plist";
				PRODUCT_NAME = "$(TARGET_NAME)";
				TEST_HOST = "$(BUNDLE_LOADER)";
				WRAPPER_EXTENSION = xctest;
			};
			name = Release;
		};
/* End XCBuildConfiguration section */

/* Begin XCConfigurationList section */
		D40D67611890118100940F80 /* Build configuration list for PBXProject "ThreeSamePrototype" */ = {
			isa = XCConfigurationList;
			buildConfigurations = (
				D40D679D1890118100940F80 /* Debug */,
				D40D679E1890118100940F80 /* Release */,
			);
			defaultConfigurationIsVisible = 0;
			defaultConfigurationName = Release;
		};
		D40D679F1890118100940F80 /* Build configuration list for PBXNativeTarget "ThreeSamePrototype" */ = {
			isa = XCConfigurationList;
			buildConfigurations = (
				D40D67A01890118100940F80 /* Debug */,
				D40D67A11890118100940F80 /* Release */,
			);
			defaultConfigurationIsVisible = 0;
			defaultConfigurationName = Release;
		};
		D40D67A21890118100940F80 /* Build configuration list for PBXNativeTarget "ThreeSamePrototypeTests" */ = {
			isa = XCConfigurationList;
			buildConfigurations = (
				D40D67A31890118100940F80 /* Debug */,
				D40D67A41890118100940F80 /* Release */,
			);
			defaultConfigurationIsVisible = 0;
			defaultConfigurationName = Release;
		};
/* End XCConfigurationList section */
	};
	rootObject = D40D675E1890118100940F80 /* Project object */;
}
